// !$*UTF8*$!
{
	archiveVersion = 1;
	classes = {
	};
	objectVersion = 90;
	objects = {

/* Begin PBXBuildFile section */
		A10000000000000000000031 /* ChironContract in Frameworks */ = {isa = PBXBuildFile; productRef = A10000000000000000000021 /* ChironContract */; };
		A10000000000000000000032 /* ChironService in Frameworks */ = {isa = PBXBuildFile; productRef = A10000000000000000000022 /* ChironService */; };
		A10000000000000000000033 /* ChironContract in Frameworks */ = {isa = PBXBuildFile; productRef = A10000000000000000000023 /* ChironContract */; };
		A10000000000000000000034 /* ChironService in Frameworks */ = {isa = PBXBuildFile; productRef = A10000000000000000000024 /* ChironService */; };
/* End PBXBuildFile section */

/* Begin PBXContainerItemProxy section */
		A10000000000000000000041 /* PBXContainerItemProxy */ = {
			isa = PBXContainerItemProxy;
			containerPortal = A10000000000000000000001 /* Project object */;
			proxyType = 1;
			remoteGlobalIDString = A10000000000000000000011;
			remoteInfo = ChironMobile;
		};
/* End PBXContainerItemProxy section */

/* Begin PBXFileReference section */
		A10000000000000000000005 /* ChironMobile.app */ = {isa = PBXFileReference; explicitFileType = wrapper.application; includeInIndex = 0; path = ChironMobile.app; sourceTree = BUILT_PRODUCTS_DIR; };
		A10000000000000000000006 /* ChironMobileTests.xctest */ = {isa = PBXFileReference; explicitFileType = wrapper.cfbundle; includeInIndex = 0; path = ChironMobileTests.xctest; sourceTree = BUILT_PRODUCTS_DIR; };
/* End PBXFileReference section */

/* Begin PBXFileSystemSynchronizedRootGroup section */
		A10000000000000000000002 /* ChironMobile */ = {
			isa = PBXFileSystemSynchronizedRootGroup;
			path = ChironMobile;
			sourceTree = "<group>";
		};
		A10000000000000000000003 /* ChironMobileTests */ = {
			isa = PBXFileSystemSynchronizedRootGroup;
			path = ChironMobileTests;
			sourceTree = "<group>";
		};
/* End PBXFileSystemSynchronizedRootGroup section */

/* Begin PBXFrameworksBuildPhase section */
		A10000000000000000000014 /* Frameworks */ = {
			isa = PBXFrameworksBuildPhase;
			buildActionMask = 2147483647;
			files = (
				A10000000000000000000031 /* ChironContract in Frameworks */,
				A10000000000000000000032 /* ChironService in Frameworks */,
			);
			runOnlyForDeploymentPostprocessing = 0;
		};
		A10000000000000000000018 /* Frameworks */ = {
			isa = PBXFrameworksBuildPhase;
			buildActionMask = 2147483647;
			files = (
				A10000000000000000000033 /* ChironContract in Frameworks */,
				A10000000000000000000034 /* ChironService in Frameworks */,
			);
			runOnlyForDeploymentPostprocessing = 0;
		};
/* End PBXFrameworksBuildPhase section */

/* Begin PBXGroup section */
		A10000000000000000000004 = {
			isa = PBXGroup;
			children = (
				A10000000000000000000002 /* ChironMobile */,
				A10000000000000000000003 /* ChironMobileTests */,
				A10000000000000000000007 /* Products */,
			);
			sourceTree = "<group>";
		};
		A10000000000000000000007 /* Products */ = {
			isa = PBXGroup;
			children = (
				A10000000000000000000005 /* ChironMobile.app */,
				A10000000000000000000006 /* ChironMobileTests.xctest */,
			);
			name = Products;
			sourceTree = "<group>";
		};
/* End PBXGroup section */

/* Begin PBXNativeTarget section */
		A10000000000000000000011 /* ChironMobile */ = {
			isa = PBXNativeTarget;
			buildConfigurationList = A10000000000000000000061 /* Build configuration list for PBXNativeTarget "ChironMobile" */;
			buildPhases = (
				A10000000000000000000013 /* Sources */,
				A10000000000000000000014 /* Frameworks */,
				A10000000000000000000015 /* Resources */,
			);
			buildRules = (
			);
			dependencies = (
			);
			fileSystemSynchronizedGroups = (
				A10000000000000000000002 /* ChironMobile */,
			);
			name = ChironMobile;
			packageProductDependencies = (
				A10000000000000000000021 /* ChironContract */,
				A10000000000000000000022 /* ChironService */,
			);
			productName = ChironMobile;
			productReference = A10000000000000000000005 /* ChironMobile.app */;
			productType = "com.apple.product-type.application";
		};
		A10000000000000000000012 /* ChironMobileTests */ = {
			isa = PBXNativeTarget;
			buildConfigurationList = A10000000000000000000062 /* Build configuration list for PBXNativeTarget "ChironMobileTests" */;
			buildPhases = (
				A10000000000000000000017 /* Sources */,
				A10000000000000000000018 /* Frameworks */,
				A10000000000000000000019 /* Resources */,
			);
			buildRules = (
			);
			dependencies = (
				A10000000000000000000042 /* PBXTargetDependency */,
			);
			fileSystemSynchronizedGroups = (
				A10000000000000000000003 /* ChironMobileTests */,
			);
			name = ChironMobileTests;
			packageProductDependencies = (
				A10000000000000000000023 /* ChironContract */,
				A10000000000000000000024 /* ChironService */,
			);
			productName = ChironMobileTests;
			productReference = A10000000000000000000006 /* ChironMobileTests.xctest */;
			productType = "com.apple.product-type.bundle.unit-test";
		};
/* End PBXNativeTarget section */

/* Begin PBXProject section */
		A10000000000000000000001 /* Project object */ = {
			isa = PBXProject;
			attributes = {
				BuildIndependentTargetsInParallel = 1;
				LastSwiftUpdateCheck = 2700;
				LastUpgradeCheck = 2700;
				TargetAttributes = {
					A10000000000000000000011 = {
						CreatedOnToolsVersion = 27.0;
					};
					A10000000000000000000012 = {
						CreatedOnToolsVersion = 27.0;
						TestTargetID = A10000000000000000000011;
					};
				};
			};
			buildConfigurationList = A10000000000000000000060 /* Build configuration list for PBXProject "ChironMobile" */;
			developmentRegion = en;
			hasScannedForEncodings = 0;
			knownRegions = (
				en,
				Base,
			);
			mainGroup = A10000000000000000000004;
			minimizedProjectReferenceProxies = 1;
			packageReferences = (
				A10000000000000000000020 /* XCLocalSwiftPackageReference "../App" */,
			);
			preferredProjectObjectVersion = 90;
			productRefGroup = A10000000000000000000007 /* Products */;
			projectDirPath = "";
			projectRoot = "";
			targets = (
				A10000000000000000000011 /* ChironMobile */,
				A10000000000000000000012 /* ChironMobileTests */,
			);
		};
/* End PBXProject section */

/* Begin PBXResourcesBuildPhase section */
		A10000000000000000000015 /* Resources */ = {
			isa = PBXResourcesBuildPhase;
			buildActionMask = 2147483647;
			files = (
			);
			runOnlyForDeploymentPostprocessing = 0;
		};
		A10000000000000000000019 /* Resources */ = {
			isa = PBXResourcesBuildPhase;
			buildActionMask = 2147483647;
			files = (
			);
			runOnlyForDeploymentPostprocessing = 0;
		};
/* End PBXResourcesBuildPhase section */

/* Begin PBXSourcesBuildPhase section */
		A10000000000000000000013 /* Sources */ = {
			isa = PBXSourcesBuildPhase;
			buildActionMask = 2147483647;
			files = (
			);
			runOnlyForDeploymentPostprocessing = 0;
		};
		A10000000000000000000017 /* Sources */ = {
			isa = PBXSourcesBuildPhase;
			buildActionMask = 2147483647;
			files = (
			);
			runOnlyForDeploymentPostprocessing = 0;
		};
/* End PBXSourcesBuildPhase section */

/* Begin PBXTargetDependency section */
		A10000000000000000000042 /* PBXTargetDependency */ = {
			isa = PBXTargetDependency;
			target = A10000000000000000000011 /* ChironMobile */;
			targetProxy = A10000000000000000000041 /* PBXContainerItemProxy */;
		};
/* End PBXTargetDependency section */

/* Begin XCBuildConfiguration section */
		A10000000000000000000051 /* Debug */ = {
			isa = XCBuildConfiguration;
			buildSettings = {
				CLANG_ENABLE_MODULES = YES;
				CLANG_ENABLE_OBJC_ARC = YES;
				CLANG_WARN_QUOTED_INCLUDE_IN_FRAMEWORK_HEADER = YES;
				GCC_C_LANGUAGE_STANDARD = gnu17;
				SWIFT_VERSION = 6.0;
			};
			name = Debug;
		};
		A10000000000000000000052 /* Release */ = {
			isa = XCBuildConfiguration;
			buildSettings = {
				CLANG_ENABLE_MODULES = YES;
				CLANG_ENABLE_OBJC_ARC = YES;
				GCC_C_LANGUAGE_STANDARD = gnu17;
				SWIFT_COMPILATION_MODE = wholemodule;
				SWIFT_VERSION = 6.0;
			};
			name = Release;
		};
		A10000000000000000000053 /* Debug */ = {
			isa = XCBuildConfiguration;
			buildSettings = {
				ASSETCATALOG_COMPILER_APPICON_NAME = AppIcon;
				ASSETCATALOG_COMPILER_GLOBAL_ACCENT_COLOR_NAME = AccentColor;
				CODE_SIGN_STYLE = Automatic;
				CURRENT_PROJECT_VERSION = 1;
				DEVELOPMENT_TEAM = "";
				ENABLE_TESTABILITY = YES;
				GENERATE_INFOPLIST_FILE = YES;
				INFOPLIST_KEY_CFBundleDisplayName = Chiron;
				INFOPLIST_KEY_LSApplicationCategoryType = "";
				INFOPLIST_KEY_NSAppTransportSecurity_NSAllowsLocalNetworking = YES;
				"INFOPLIST_KEY_UIApplicationSceneManifest_Generation[sdk=iphoneos*]" = YES;
				"INFOPLIST_KEY_UIApplicationSceneManifest_Generation[sdk=iphonesimulator*]" = YES;
				"INFOPLIST_KEY_UILaunchScreen_Generation[sdk=iphoneos*]" = YES;
				"INFOPLIST_KEY_UILaunchScreen_Generation[sdk=iphonesimulator*]" = YES;
				IPHONEOS_DEPLOYMENT_TARGET = 17.0;
				INFOPLIST_KEY_ITSAppUsesNonExemptEncryption = NO;
				MACOSX_DEPLOYMENT_TARGET = 14.0;
				LD_RUNPATH_SEARCH_PATHS = "$(inherited) @executable_path/Frameworks";
				MARKETING_VERSION = 0.1.0;
				PRODUCT_BUNDLE_IDENTIFIER = com.jacobiannotti.chiron.mobile;
				PRODUCT_NAME = "$(TARGET_NAME)";
				SDKROOT = auto;
				SUPPORTED_PLATFORMS = "iphoneos iphonesimulator macosx";
				SWIFT_EMIT_LOC_STRINGS = YES;
				TARGETED_DEVICE_FAMILY = "1,2";
			};
			name = Debug;
		};
		A10000000000000000000054 /* Release */ = {
			isa = XCBuildConfiguration;
			buildSettings = {
				ASSETCATALOG_COMPILER_APPICON_NAME = AppIcon;
				ASSETCATALOG_COMPILER_GLOBAL_ACCENT_COLOR_NAME = AccentColor;
				CODE_SIGN_STYLE = Automatic;
				CURRENT_PROJECT_VERSION = 1;
				DEVELOPMENT_TEAM = "";
				GENERATE_INFOPLIST_FILE = YES;
				INFOPLIST_KEY_CFBundleDisplayName = Chiron;
				INFOPLIST_KEY_NSAppTransportSecurity_NSAllowsLocalNetworking = YES;
				"INFOPLIST_KEY_UIApplicationSceneManifest_Generation[sdk=iphoneos*]" = YES;
				"INFOPLIST_KEY_UIApplicationSceneManifest_Generation[sdk=iphonesimulator*]" = YES;
				"INFOPLIST_KEY_UILaunchScreen_Generation[sdk=iphoneos*]" = YES;
				"INFOPLIST_KEY_UILaunchScreen_Generation[sdk=iphonesimulator*]" = YES;
				IPHONEOS_DEPLOYMENT_TARGET = 17.0;
				INFOPLIST_KEY_ITSAppUsesNonExemptEncryption = NO;
				MACOSX_DEPLOYMENT_TARGET = 14.0;
				LD_RUNPATH_SEARCH_PATHS = "$(inherited) @executable_path/Frameworks";
				MARKETING_VERSION = 0.1.0;
				PRODUCT_BUNDLE_IDENTIFIER = com.jacobiannotti.chiron.mobile;
				PRODUCT_NAME = "$(TARGET_NAME)";
				SDKROOT = auto;
				SUPPORTED_PLATFORMS = "iphoneos iphonesimulator macosx";
				SWIFT_COMPILATION_MODE = wholemodule;
				SWIFT_EMIT_LOC_STRINGS = YES;
				TARGETED_DEVICE_FAMILY = "1,2";
			};
			name = Release;
		};
		A10000000000000000000055 /* Debug */ = {
			isa = XCBuildConfiguration;
			buildSettings = {
				BUNDLE_LOADER = "$(TEST_HOST)";
				CODE_SIGN_STYLE = Automatic;
				CURRENT_PROJECT_VERSION = 1;
				GENERATE_INFOPLIST_FILE = YES;
				IPHONEOS_DEPLOYMENT_TARGET = 17.0;
				INFOPLIST_KEY_ITSAppUsesNonExemptEncryption = NO;
				MACOSX_DEPLOYMENT_TARGET = 14.0;
				PRODUCT_BUNDLE_IDENTIFIER = com.jacobiannotti.chiron.mobile.tests;
				PRODUCT_NAME = "$(TARGET_NAME)";
				SDKROOT = auto;
				SUPPORTED_PLATFORMS = "iphoneos iphonesimulator macosx";
				SWIFT_VERSION = 6.0;
				TARGETED_DEVICE_FAMILY = "1,2";
				TEST_HOST = "$(BUILT_PRODUCTS_DIR)/ChironMobile.app/ChironMobile";
				TEST_TARGET_NAME = ChironMobile;
			};
			name = Debug;
		};
		A10000000000000000000056 /* Release */ = {
			isa = XCBuildConfiguration;
			buildSettings = {
				BUNDLE_LOADER = "$(TEST_HOST)";
				CODE_SIGN_STYLE = Automatic;
				CURRENT_PROJECT_VERSION = 1;
				GENERATE_INFOPLIST_FILE = YES;
				IPHONEOS_DEPLOYMENT_TARGET = 17.0;
				INFOPLIST_KEY_ITSAppUsesNonExemptEncryption = NO;
				MACOSX_DEPLOYMENT_TARGET = 14.0;
				PRODUCT_BUNDLE_IDENTIFIER = com.jacobiannotti.chiron.mobile.tests;
				PRODUCT_NAME = "$(TARGET_NAME)";
				SDKROOT = auto;
				SUPPORTED_PLATFORMS = "iphoneos iphonesimulator macosx";
				SWIFT_VERSION = 6.0;
				TARGETED_DEVICE_FAMILY = "1,2";
				TEST_HOST = "$(BUILT_PRODUCTS_DIR)/ChironMobile.app/ChironMobile";
				TEST_TARGET_NAME = ChironMobile;
			};
			name = Release;
		};
/* End XCBuildConfiguration section */

/* Begin XCConfigurationList section */
		A10000000000000000000060 /* Build configuration list for PBXProject "ChironMobile" */ = {
			isa = XCConfigurationList;
			buildConfigurations = (
				A10000000000000000000051 /* Debug */,
				A10000000000000000000052 /* Release */,
			);
			defaultConfigurationIsVisible = 0;
			defaultConfigurationName = Release;
		};
		A10000000000000000000061 /* Build configuration list for PBXNativeTarget "ChironMobile" */ = {
			isa = XCConfigurationList;
			buildConfigurations = (
				A10000000000000000000053 /* Debug */,
				A10000000000000000000054 /* Release */,
			);
			defaultConfigurationIsVisible = 0;
			defaultConfigurationName = Release;
		};
		A10000000000000000000062 /* Build configuration list for PBXNativeTarget "ChironMobileTests" */ = {
			isa = XCConfigurationList;
			buildConfigurations = (
				A10000000000000000000055 /* Debug */,
				A10000000000000000000056 /* Release */,
			);
			defaultConfigurationIsVisible = 0;
			defaultConfigurationName = Release;
		};
/* End XCConfigurationList section */

/* Begin XCLocalSwiftPackageReference section */
		A10000000000000000000020 /* XCLocalSwiftPackageReference "../App" */ = {
			isa = XCLocalSwiftPackageReference;
			relativePath = ../App;
		};
/* End XCLocalSwiftPackageReference section */

/* Begin XCSwiftPackageProductDependency section */
		A10000000000000000000021 /* ChironContract */ = {
			isa = XCSwiftPackageProductDependency;
			package = A10000000000000000000020 /* XCLocalSwiftPackageReference "../App" */;
			productName = ChironContract;
		};
		A10000000000000000000022 /* ChironService */ = {
			isa = XCSwiftPackageProductDependency;
			package = A10000000000000000000020 /* XCLocalSwiftPackageReference "../App" */;
			productName = ChironService;
		};
		A10000000000000000000023 /* ChironContract */ = {
			isa = XCSwiftPackageProductDependency;
			package = A10000000000000000000020 /* XCLocalSwiftPackageReference "../App" */;
			productName = ChironContract;
		};
		A10000000000000000000024 /* ChironService */ = {
			isa = XCSwiftPackageProductDependency;
			package = A10000000000000000000020 /* XCLocalSwiftPackageReference "../App" */;
			productName = ChironService;
		};
/* End XCSwiftPackageProductDependency section */
	};
	rootObject = A10000000000000000000001 /* Project object */;
}
